{
  "version": 4,
  "terraform_version": "1.10.2",
  "serial": 110,
  "lineage": "256ef849-632c-970c-f18f-5e3e356129eb",
  "outputs": {},
  "resources": [
    {
      "module": "module.VPC",
      "mode": "managed",
      "type": "aws_internet_gateway",
      "name": "name",
      "provider": "module.VPC.provider[\"registry.terraform.io/hashicorp/aws\"]",
      "instances": [
        {
          "schema_version": 0,
          "attributes": {
            "arn": "arn:aws:ec2:ap-south-1:390402551648:internet-gateway/igw-0040f97443780a9a5",
            "id": "igw-0040f97443780a9a5",
            "owner_id": "390402551648",
            "tags": {
              "Name": "My-Project-Module-VPC-IGW"
            },
            "tags_all": {
              "Name": "My-Project-Module-VPC-IGW"
            },
            "timeouts": null,
            "vpc_id": "vpc-0e5272bb60cf0143a"
          },
          "sensitive_attributes": [],
          "private": "eyJlMmJmYjczMC1lY2FhLTExZTYtOGY4OC0zNDM2M2JjN2M0YzAiOnsiY3JlYXRlIjoxMjAwMDAwMDAwMDAwLCJkZWxldGUiOjEyMDAwMDAwMDAwMDAsInVwZGF0ZSI6MTIwMDAwMDAwMDAwMH19",
          "dependencies": [
            "module.VPC.aws_vpc.name"
          ]
        }
      ]
    },
    {
      "module": "module.VPC",
      "mode": "managed",
      "type": "aws_route_table",
      "name": "name",
      "provider": "module.VPC.provider[\"registry.terraform.io/hashicorp/aws\"]",
      "instances": [
        {
          "schema_version": 0,
          "attributes": {
            "arn": "arn:aws:ec2:ap-south-1:390402551648:route-table/rtb-0c5f3875ebecec6d3",
            "id": "rtb-0c5f3875ebecec6d3",
            "owner_id": "390402551648",
            "propagating_vgws": [],
            "route": [
              {
                "carrier_gateway_id": "",
                "cidr_block": "0.0.0.0/0",
                "core_network_arn": "",
                "destination_prefix_list_id": "",
                "egress_only_gateway_id": "",
                "gateway_id": "igw-0040f97443780a9a5",
                "ipv6_cidr_block": "",
                "local_gateway_id": "",
                "nat_gateway_id": "",
                "network_interface_id": "",
                "transit_gateway_id": "",
                "vpc_endpoint_id": "",
                "vpc_peering_connection_id": ""
              }
            ],
            "tags": {
              "Name": "My-Project-Module-route-table"
            },
            "tags_all": {
              "Name": "My-Project-Module-route-table"
            },
            "timeouts": null,
            "vpc_id": "vpc-0e5272bb60cf0143a"
          },
          "sensitive_attributes": [],
          "private": "eyJlMmJmYjczMC1lY2FhLTExZTYtOGY4OC0zNDM2M2JjN2M0YzAiOnsiY3JlYXRlIjozMDAwMDAwMDAwMDAsImRlbGV0ZSI6MzAwMDAwMDAwMDAwLCJ1cGRhdGUiOjEyMDAwMDAwMDAwMH19",
          "dependencies": [
            "module.VPC.aws_internet_gateway.name",
            "module.VPC.aws_vpc.name"
          ]
        }
      ]
    },
    {
      "module": "module.VPC",
      "mode": "managed",
      "type": "aws_route_table_association",
      "name": "name",
      "provider": "module.VPC.provider[\"registry.terraform.io/hashicorp/aws\"]",
      "instances": [
        {
          "index_key": "subnet1",
          "schema_version": 0,
          "attributes": {
            "gateway_id": "",
            "id": "rtbassoc-0c5797642c20413aa",
            "route_table_id": "rtb-0c5f3875ebecec6d3",
            "subnet_id": "subnet-0354f1d309ae228e7",
            "timeouts": null
          },
          "sensitive_attributes": [],
          "private": "eyJlMmJmYjczMC1lY2FhLTExZTYtOGY4OC0zNDM2M2JjN2M0YzAiOnsiY3JlYXRlIjozMDAwMDAwMDAwMDAsImRlbGV0ZSI6MzAwMDAwMDAwMDAwLCJ1cGRhdGUiOjEyMDAwMDAwMDAwMH19",
          "dependencies": [
            "module.VPC.aws_internet_gateway.name",
            "module.VPC.aws_route_table.name",
            "module.VPC.aws_subnet.name",
            "module.VPC.aws_vpc.name"
          ]
        },
        {
          "index_key": "subnet3",
          "schema_version": 0,
          "attributes": {
            "gateway_id": "",
            "id": "rtbassoc-032ad237d7d6e3d37",
            "route_table_id": "rtb-0c5f3875ebecec6d3",
            "subnet_id": "subnet-0ee3d6086768fbba9",
            "timeouts": null
          },
          "sensitive_attributes": [],
          "private": "eyJlMmJmYjczMC1lY2FhLTExZTYtOGY4OC0zNDM2M2JjN2M0YzAiOnsiY3JlYXRlIjozMDAwMDAwMDAwMDAsImRlbGV0ZSI6MzAwMDAwMDAwMDAwLCJ1cGRhdGUiOjEyMDAwMDAwMDAwMH19",
          "dependencies": [
            "module.VPC.aws_internet_gateway.name",
            "module.VPC.aws_route_table.name",
            "module.VPC.aws_subnet.name",
            "module.VPC.aws_vpc.name"
          ]
        }
      ]
    },
    {
      "module": "module.VPC",
      "mode": "managed",
      "type": "aws_subnet",
      "name": "name",
      "provider": "module.VPC.provider[\"registry.terraform.io/hashicorp/aws\"]",
      "instances": [
        {
          "index_key": "subnet1",
          "schema_version": 1,
          "attributes": {
            "arn": "arn:aws:ec2:ap-south-1:390402551648:subnet/subnet-0354f1d309ae228e7",
            "assign_ipv6_address_on_creation": false,
            "availability_zone": "ap-south-1b",
            "availability_zone_id": "aps1-az3",
            "cidr_block": "10.0.0.0/24",
            "customer_owned_ipv4_pool": "",
            "enable_dns64": false,
            "enable_lni_at_device_index": 0,
            "enable_resource_name_dns_a_record_on_launch": false,
            "enable_resource_name_dns_aaaa_record_on_launch": false,
            "id": "subnet-0354f1d309ae228e7",
            "ipv6_cidr_block": "",
            "ipv6_cidr_block_association_id": "",
            "ipv6_native": false,
            "map_customer_owned_ip_on_launch": false,
            "map_public_ip_on_launch": false,
            "outpost_arn": "",
            "owner_id": "390402551648",
            "private_dns_hostname_type_on_launch": "ip-name",
            "tags": {
              "Name": "My-Project-Module-subnet1",
              "Public_subnet": "true"
            },
            "tags_all": {
              "Name": "My-Project-Module-subnet1",
              "Public_subnet": "true"
            },
            "timeouts": null,
            "vpc_id": "vpc-0e5272bb60cf0143a"
          },
          "sensitive_attributes": [],
          "private": "eyJlMmJmYjczMC1lY2FhLTExZTYtOGY4OC0zNDM2M2JjN2M0YzAiOnsiY3JlYXRlIjo2MDAwMDAwMDAwMDAsImRlbGV0ZSI6MTIwMDAwMDAwMDAwMH0sInNjaGVtYV92ZXJzaW9uIjoiMSJ9",
          "dependencies": [
            "module.VPC.aws_vpc.name"
          ]
        },
        {
          "index_key": "subnet2",
          "schema_version": 1,
          "attributes": {
            "arn": "arn:aws:ec2:ap-south-1:390402551648:subnet/subnet-0663cc0d7bfe9492a",
            "assign_ipv6_address_on_creation": false,
            "availability_zone": "ap-south-1c",
            "availability_zone_id": "aps1-az2",
            "cidr_block": "10.0.1.0/24",
            "customer_owned_ipv4_pool": "",
            "enable_dns64": false,
            "enable_lni_at_device_index": 0,
            "enable_resource_name_dns_a_record_on_launch": false,
            "enable_resource_name_dns_aaaa_record_on_launch": false,
            "id": "subnet-0663cc0d7bfe9492a",
            "ipv6_cidr_block": "",
            "ipv6_cidr_block_association_id": "",
            "ipv6_native": false,
            "map_customer_owned_ip_on_launch": false,
            "map_public_ip_on_launch": false,
            "outpost_arn": "",
            "owner_id": "390402551648",
            "private_dns_hostname_type_on_launch": "ip-name",
            "tags": {
              "Name": "My-Project-Module-subnet2",
              "Public_subnet": "false"
            },
            "tags_all": {
              "Name": "My-Project-Module-subnet2",
              "Public_subnet": "false"
            },
            "timeouts": null,
            "vpc_id": "vpc-0e5272bb60cf0143a"
          },
          "sensitive_attributes": [],
          "private": "eyJlMmJmYjczMC1lY2FhLTExZTYtOGY4OC0zNDM2M2JjN2M0YzAiOnsiY3JlYXRlIjo2MDAwMDAwMDAwMDAsImRlbGV0ZSI6MTIwMDAwMDAwMDAwMH0sInNjaGVtYV92ZXJzaW9uIjoiMSJ9",
          "dependencies": [
            "module.VPC.aws_vpc.name"
          ]
        },
        {
          "index_key": "subnet3",
          "schema_version": 1,
          "attributes": {
            "arn": "arn:aws:ec2:ap-south-1:390402551648:subnet/subnet-0ee3d6086768fbba9",
            "assign_ipv6_address_on_creation": false,
            "availability_zone": "ap-south-1c",
            "availability_zone_id": "aps1-az2",
            "cidr_block": "10.0.2.0/24",
            "customer_owned_ipv4_pool": "",
            "enable_dns64": false,
            "enable_lni_at_device_index": 0,
            "enable_resource_name_dns_a_record_on_launch": false,
            "enable_resource_name_dns_aaaa_record_on_launch": false,
            "id": "subnet-0ee3d6086768fbba9",
            "ipv6_cidr_block": "",
            "ipv6_cidr_block_association_id": "",
            "ipv6_native": false,
            "map_customer_owned_ip_on_launch": false,
            "map_public_ip_on_launch": false,
            "outpost_arn": "",
            "owner_id": "390402551648",
            "private_dns_hostname_type_on_launch": "ip-name",
            "tags": {
              "Name": "My-Project-Module-subnet3",
              "Public_subnet": "true"
            },
            "tags_all": {
              "Name": "My-Project-Module-subnet3",
              "Public_subnet": "true"
            },
            "timeouts": null,
            "vpc_id": "vpc-0e5272bb60cf0143a"
          },
          "sensitive_attributes": [],
          "private": "eyJlMmJmYjczMC1lY2FhLTExZTYtOGY4OC0zNDM2M2JjN2M0YzAiOnsiY3JlYXRlIjo2MDAwMDAwMDAwMDAsImRlbGV0ZSI6MTIwMDAwMDAwMDAwMH0sInNjaGVtYV92ZXJzaW9uIjoiMSJ9",
          "dependencies": [
            "module.VPC.aws_vpc.name"
          ]
        },
        {
          "index_key": "subnet4",
          "schema_version": 1,
          "attributes": {
            "arn": "arn:aws:ec2:ap-south-1:390402551648:subnet/subnet-0333e848c53c6aaab",
            "assign_ipv6_address_on_creation": false,
            "availability_zone": "ap-south-1b",
            "availability_zone_id": "aps1-az3",
            "cidr_block": "10.0.3.0/24",
            "customer_owned_ipv4_pool": "",
            "enable_dns64": false,
            "enable_lni_at_device_index": 0,
            "enable_resource_name_dns_a_record_on_launch": false,
            "enable_resource_name_dns_aaaa_record_on_launch": false,
            "id": "subnet-0333e848c53c6aaab",
            "ipv6_cidr_block": "",
            "ipv6_cidr_block_association_id": "",
            "ipv6_native": false,
            "map_customer_owned_ip_on_launch": false,
            "map_public_ip_on_launch": false,
            "outpost_arn": "",
            "owner_id": "390402551648",
            "private_dns_hostname_type_on_launch": "ip-name",
            "tags": {
              "Name": "My-Project-Module-subnet4",
              "Public_subnet": "false"
            },
            "tags_all": {
              "Name": "My-Project-Module-subnet4",
              "Public_subnet": "false"
            },
            "timeouts": null,
            "vpc_id": "vpc-0e5272bb60cf0143a"
          },
          "sensitive_attributes": [],
          "private": "eyJlMmJmYjczMC1lY2FhLTExZTYtOGY4OC0zNDM2M2JjN2M0YzAiOnsiY3JlYXRlIjo2MDAwMDAwMDAwMDAsImRlbGV0ZSI6MTIwMDAwMDAwMDAwMH0sInNjaGVtYV92ZXJzaW9uIjoiMSJ9",
          "dependencies": [
            "module.VPC.aws_vpc.name"
          ]
        }
      ]
    },
    {
      "module": "module.VPC",
      "mode": "managed",
      "type": "aws_vpc",
      "name": "name",
      "provider": "module.VPC.provider[\"registry.terraform.io/hashicorp/aws\"]",
      "instances": [
        {
          "schema_version": 1,
          "attributes": {
            "arn": "arn:aws:ec2:ap-south-1:390402551648:vpc/vpc-0e5272bb60cf0143a",
            "assign_generated_ipv6_cidr_block": false,
            "cidr_block": "10.0.0.0/16",
            "default_network_acl_id": "acl-01674a9379bcf8c63",
            "default_route_table_id": "rtb-032234cb54f3c283b",
            "default_security_group_id": "sg-0531b83b8e277cd60",
            "dhcp_options_id": "dopt-0693a8215f5e4bdcf",
            "enable_dns_hostnames": false,
            "enable_dns_support": true,
            "enable_network_address_usage_metrics": false,
            "id": "vpc-0e5272bb60cf0143a",
            "instance_tenancy": "default",
            "ipv4_ipam_pool_id": null,
            "ipv4_netmask_length": null,
            "ipv6_association_id": "",
            "ipv6_cidr_block": "",
            "ipv6_cidr_block_network_border_group": "",
            "ipv6_ipam_pool_id": "",
            "ipv6_netmask_length": 0,
            "main_route_table_id": "rtb-032234cb54f3c283b",
            "owner_id": "390402551648",
            "tags": {
              "Name": "My-Project-Module-VPC"
            },
            "tags_all": {
              "Name": "My-Project-Module-VPC"
            }
          },
          "sensitive_attributes": [],
          "private": "eyJzY2hlbWFfdmVyc2lvbiI6IjEifQ=="
        }
      ]
    }
  ],
  "check_results": null
}
